{
  "name": "my-hono-app",
  "version": "1.0.0",
  "lockfileVersion": 3,
  "requires": true,
  "packages": {
    "": {
      "name": "my-hono-app",
      "version": "1.0.0",
      "dependencies": {
        "hono": "^4.9.4"
      }
    },
    "node_modules/hono": {
      "version": "4.9.4",
      "resolved": "https://registry.npmjs.org/hono/-/hono-4.9.4.tgz",
      "integrity": "sha512-61hl6MF6ojTl/8QSRu5ran6GXt+6zsngIUN95KzF5v5UjiX/xnrLR358BNRawwIRO49JwUqJqQe3Rb2v559R8Q==",
      "license": "MIT",
      "engines": {
        "node": ">=16.9.0"
      }
    }
  }
}
